
Microsoft Visual Studio Solution File, Format Version 12.00
# Visual Studio Version 17
VisualStudioVersion = 17.12.35707.178 d17.12
MinimumVisualStudioVersion = 10.0.40219.1
Project("{FAE04EC0-301F-11D3-BF4B-00C04F79EFBC}") = "HashMapper", "HashMapper.csproj", "{C411AE6C-1111-4847-9544-74F69B07061F}"
EndProject
Global
	GlobalSection(SolutionConfigurationPlatforms) = preSolution
		Debug|Any CPU = Debug|Any CPU
		Release|Any CPU = Release|Any CPU
	EndGlobalSection
	GlobalSection(ProjectConfigurationPlatforms) = postSolution
		{C411AE6C-1111-4847-9544-74F69B07061F}.Debug|Any CPU.ActiveCfg = Debug|Any CPU
		{C411AE6C-1111-4847-9544-74F69B07061F}.Debug|Any CPU.Build.0 = Debug|Any CPU
		{C411AE6C-1111-4847-9544-74F69B07061F}.Release|Any CPU.ActiveCfg = Release|Any CPU
		{C411AE6C-1111-4847-9544-74F69B07061F}.Release|Any CPU.Build.0 = Release|Any CPU
	EndGlobalSection
	GlobalSection(SolutionProperties) = preSolution
		HideSolutionNode = FALSE
	EndGlobalSection
EndGlobal
